
Microsoft Visual Studio Solution File, Format Version 12.00
# Visual Studio Version 16
VisualStudioVersion = 16.0.30114.105
MinimumVisualStudioVersion = 10.0.40219.1
Project("{FAE04EC0-301F-11D3-BF4B-00C04F79EFBC}") = "LuaDocsGenerator", "LuaDocsGenerator.csproj", "{F1961973-E69E-41A7-BE13-4F931890BC70}"
EndProject
Project("{FAE04EC0-301F-11D3-BF4B-00C04F79EFBC}") = "LinuxClient", "..\..\..\..\Barotrauma\BarotraumaClient\LinuxClient.csproj", "{426071C4-6668-4CF9-A44C-5FBEB72C469B}"
EndProject
Project("{FAE04EC0-301F-11D3-BF4B-00C04F79EFBC}") = "Farseer.NetStandard", "..\..\..\..\Libraries\Farseer Physics Engine 3.5\Farseer.NetStandard.csproj", "{F8F85D52-11B5-4177-914C-9AC75345D089}"
EndProject
Global
	GlobalSection(SolutionConfigurationPlatforms) = preSolution
		Debug|Any CPU = Debug|Any CPU
		Release|Any CPU = Release|Any CPU
	EndGlobalSection
	GlobalSection(SolutionProperties) = preSolution
		HideSolutionNode = FALSE
	EndGlobalSection
	GlobalSection(ProjectConfigurationPlatforms) = postSolution
		{F1961973-E69E-41A7-BE13-4F931890BC70}.Debug|Any CPU.ActiveCfg = Debug|Any CPU
		{F1961973-E69E-41A7-BE13-4F931890BC70}.Debug|Any CPU.Build.0 = Debug|Any CPU
		{F1961973-E69E-41A7-BE13-4F931890BC70}.Release|Any CPU.ActiveCfg = Release|Any CPU
		{F1961973-E69E-41A7-BE13-4F931890BC70}.Release|Any CPU.Build.0 = Release|Any CPU
		{426071C4-6668-4CF9-A44C-5FBEB72C469B}.Debug|Any CPU.ActiveCfg = Debug|Any CPU
		{426071C4-6668-4CF9-A44C-5FBEB72C469B}.Debug|Any CPU.Build.0 = Debug|Any CPU
		{426071C4-6668-4CF9-A44C-5FBEB72C469B}.Release|Any CPU.ActiveCfg = Release|Any CPU
		{426071C4-6668-4CF9-A44C-5FBEB72C469B}.Release|Any CPU.Build.0 = Release|Any CPU
		{F8F85D52-11B5-4177-914C-9AC75345D089}.Debug|Any CPU.ActiveCfg = Debug|Any CPU
		{F8F85D52-11B5-4177-914C-9AC75345D089}.Debug|Any CPU.Build.0 = Debug|Any CPU
		{F8F85D52-11B5-4177-914C-9AC75345D089}.Release|Any CPU.ActiveCfg = Release|Any CPU
		{F8F85D52-11B5-4177-914C-9AC75345D089}.Release|Any CPU.Build.0 = Release|Any CPU
	EndGlobalSection
EndGlobal
